// !$*UTF8*$!
{
	archiveVersion = 1;
	classes = {
	};
	objectVersion = 48;
	objects = {

/* Begin PBXBuildFile section */
		1345FDE3203679AC00A8B427 /* AppDelegate.swift in Sources */ = {isa = PBXBuildFile; fileRef = 1345FDE2203679AC00A8B427 /* AppDelegate.swift */; };
		1345FDE5203679AC00A8B427 /* ViewController.swift in Sources */ = {isa = PBXBuildFile; fileRef = 1345FDE4203679AC00A8B427 /* ViewController.swift */; };
		1345FDE8203679AC00A8B427 /* Main.storyboard in Resources */ = {isa = PBXBuildFile; fileRef = 1345FDE6203679AC00A8B427 /* Main.storyboard */; };
		1345FDEA203679AC00A8B427 /* Assets.xcassets in Resources */ = {isa = PBXBuildFile; fileRef = 1345FDE9203679AC00A8B427 /* Assets.xcassets */; };
		1345FDED203679AC00A8B427 /* LaunchScreen.storyboard in Resources */ = {isa = PBXBuildFile; fileRef = 1345FDEB203679AC00A8B427 /* LaunchScreen.storyboard */; };
		1345FE192036903700A8B427 /* Deck.swift in Sources */ = {isa = PBXBuildFile; fileRef = 1345FE182036903700A8B427 /* Deck.swift */; };
		1345FE1B2036BF0000A8B427 /* WelcomeViewController.swift in Sources */ = {isa = PBXBuildFile; fileRef = 1345FE1A2036BF0000A8B427 /* WelcomeViewController.swift */; };
		13504B412036C322001A1CBE /* gif.swift in Sources */ = {isa = PBXBuildFile; fileRef = 13504B402036C322001A1CBE /* gif.swift */; };
		13BA4C722036C99A00AE22ED /* RulesViewController.swift in Sources */ = {isa = PBXBuildFile; fileRef = 13BA4C712036C99A00AE22ED /* RulesViewController.swift */; };
/* End PBXBuildFile section */

/* Begin PBXFileReference section */
		1345FDDF203679AC00A8B427 /* Beehive Solitare.app */ = {isa = PBXFileReference; explicitFileType = wrapper.application; includeInIndex = 0; path = "Beehive Solitare.app"; sourceTree = BUILT_PRODUCTS_DIR; };
		1345FDE2203679AC00A8B427 /* AppDelegate.swift */ = {isa = PBXFileReference; lastKnownFileType = sourcecode.swift; path = AppDelegate.swift; sourceTree = "<group>"; };
		1345FDE4203679AC00A8B427 /* ViewController.swift */ = {isa = PBXFileReference; lastKnownFileType = sourcecode.swift; path = ViewController.swift; sourceTree = "<group>"; };
		1345FDE7203679AC00A8B427 /* Base */ = {isa = PBXFileReference; lastKnownFileType = file.storyboard; name = Base; path = Base.lproj/Main.storyboard; sourceTree = "<group>"; };
		1345FDE9203679AC00A8B427 /* Assets.xcassets */ = {isa = PBXFileReference; lastKnownFileType = folder.assetcatalog; path = Assets.xcassets; sourceTree = "<group>"; };
		1345FDEC203679AC00A8B427 /* Base */ = {isa = PBXFileReference; lastKnownFileType = file.storyboard; name = Base; path = Base.lproj/LaunchScreen.storyboard; sourceTree = "<group>"; };
		1345FDEE203679AD00A8B427 /* Info.plist */ = {isa = PBXFileReference; lastKnownFileType = text.plist.xml; path = Info.plist; sourceTree = "<group>"; };
		1345FE182036903700A8B427 /* Deck.swift */ = {isa = PBXFileReference; lastKnownFileType = sourcecode.swift; path = Deck.swift; sourceTree = "<group>"; };
		1345FE1A2036BF0000A8B427 /* WelcomeViewController.swift */ = {isa = PBXFileReference; lastKnownFileType = sourcecode.swift; path = WelcomeViewController.swift; sourceTree = "<group>"; };
		13504B402036C322001A1CBE /* gif.swift */ = {isa = PBXFileReference; lastKnownFileType = sourcecode.swift; path = gif.swift; sourceTree = "<group>"; };
		13BA4C712036C99A00AE22ED /* RulesViewController.swift */ = {isa = PBXFileReference; lastKnownFileType = sourcecode.swift; path = RulesViewController.swift; sourceTree = "<group>"; };
/* End PBXFileReference section */

/* Begin PBXFrameworksBuildPhase section */
		1345FDDC203679AC00A8B427 /* Frameworks */ = {
			isa = PBXFrameworksBuildPhase;
			buildActionMask = 2147483647;
			files = (
			);
			runOnlyForDeploymentPostprocessing = 0;
		};
/* End PBXFrameworksBuildPhase section */

/* Begin PBXGroup section */
		1345FDD6203679AC00A8B427 = {
			isa = PBXGroup;
			children = (
				1345FDE1203679AC00A8B427 /* Beehive Solitare */,
				1345FDE0203679AC00A8B427 /* Products */,
				1345FDE6203679AC00A8B427 /* Main.storyboard */,
			);
			sourceTree = "<group>";
		};
		1345FDE0203679AC00A8B427 /* Products */ = {
			isa = PBXGroup;
			children = (
				1345FDDF203679AC00A8B427 /* Beehive Solitare.app */,
			);
			name = Products;
			sourceTree = "<group>";
		};
		1345FDE1203679AC00A8B427 /* Beehive Solitare */ = {
			isa = PBXGroup;
			children = (
				1345FDE4203679AC00A8B427 /* ViewController.swift */,
				1345FE1A2036BF0000A8B427 /* WelcomeViewController.swift */,
				1345FE182036903700A8B427 /* Deck.swift */,
				1345FDE9203679AC00A8B427 /* Assets.xcassets */,
				13BA4C712036C99A00AE22ED /* RulesViewController.swift */,
				1345FDE2203679AC00A8B427 /* AppDelegate.swift */,
				13504B402036C322001A1CBE /* gif.swift */,
				1345FDEB203679AC00A8B427 /* LaunchScreen.storyboard */,
				1345FDEE203679AD00A8B427 /* Info.plist */,
			);
			path = "Beehive Solitare";
			sourceTree = "<group>";
		};
/* End PBXGroup section */

/* Begin PBXNativeTarget section */
		1345FDDE203679AC00A8B427 /* Beehive Solitare */ = {
			isa = PBXNativeTarget;
			buildConfigurationList = 1345FDF1203679AD00A8B427 /* Build configuration list for PBXNativeTarget "Beehive Solitare" */;
			buildPhases = (
				1345FDDB203679AC00A8B427 /* Sources */,
				1345FDDC203679AC00A8B427 /* Frameworks */,
				1345FDDD203679AC00A8B427 /* Resources */,
			);
			buildRules = (
			);
			dependencies = (
			);
			name = "Beehive Solitare";
			productName = "Beehive Solitare";
			productReference = 1345FDDF203679AC00A8B427 /* Beehive Solitare.app */;
			productType = "com.apple.product-type.application";
		};
/* End PBXNativeTarget section */

/* Begin PBXProject section */
		1345FDD7203679AC00A8B427 /* Project object */ = {
			isa = PBXProject;
			attributes = {
				LastSwiftUpdateCheck = 0920;
				LastUpgradeCheck = 0920;
				ORGANIZATIONNAME = bbbax;
				TargetAttributes = {
					1345FDDE203679AC00A8B427 = {
						CreatedOnToolsVersion = 9.2;
						ProvisioningStyle = Automatic;
					};
				};
			};
			buildConfigurationList = 1345FDDA203679AC00A8B427 /* Build configuration list for PBXProject "Beehive Solitare" */;
			compatibilityVersion = "Xcode 8.0";
			developmentRegion = en;
			hasScannedForEncodings = 0;
			knownRegions = (
				en,
				Base,
			);
			mainGroup = 1345FDD6203679AC00A8B427;
			productRefGroup = 1345FDE0203679AC00A8B427 /* Products */;
			projectDirPath = "";
			projectRoot = "";
			targets = (
				1345FDDE203679AC00A8B427 /* Beehive Solitare */,
			);
		};
/* End PBXProject section */

/* Begin PBXResourcesBuildPhase section */
		1345FDDD203679AC00A8B427 /* Resources */ = {
			isa = PBXResourcesBuildPhase;
			buildActionMask = 2147483647;
			files = (
				1345FDED203679AC00A8B427 /* LaunchScreen.storyboard in Resources */,
				1345FDEA203679AC00A8B427 /* Assets.xcassets in Resources */,
				1345FDE8203679AC00A8B427 /* Main.storyboard in Resources */,
			);
			runOnlyForDeploymentPostprocessing = 0;
		};
/* End PBXResourcesBuildPhase section */

/* Begin PBXSourcesBuildPhase section */
		1345FDDB203679AC00A8B427 /* Sources */ = {
			isa = PBXSourcesBuildPhase;
			buildActionMask = 2147483647;
			files = (
				1345FDE5203679AC00A8B427 /* ViewController.swift in Sources */,
				1345FE1B2036BF0000A8B427 /* WelcomeViewController.swift in Sources */,
				13504B412036C322001A1CBE /* gif.swift in Sources */,
				1345FDE3203679AC00A8B427 /* AppDelegate.swift in Sources */,
				13BA4C722036C99A00AE22ED /* RulesViewController.swift in Sources */,
				1345FE192036903700A8B427 /* Deck.swift in Sources */,
			);
			runOnlyForDeploymentPostprocessing = 0;
		};
/* End PBXSourcesBuildPhase section */

/* Begin PBXVariantGroup section */
		1345FDE6203679AC00A8B427 /* Main.storyboard */ = {
			isa = PBXVariantGroup;
			children = (
				1345FDE7203679AC00A8B427 /* Base */,
			);
			name = Main.storyboard;
			sourceTree = "<group>";
		};
		1345FDEB203679AC00A8B427 /* LaunchScreen.storyboard */ = {
			isa = PBXVariantGroup;
			children = (
				1345FDEC203679AC00A8B427 /* Base */,
			);
			name = LaunchScreen.storyboard;
			sourceTree = "<group>";
		};
/* End PBXVariantGroup section */

/* Begin XCBuildConfiguration section */
		1345FDEF203679AD00A8B427 /* Debug */ = {
			isa = XCBuildConfiguration;
			buildSettings = {
				ALWAYS_SEARCH_USER_PATHS = NO;
				CLANG_ANALYZER_NONNULL = YES;
				CLANG_ANALYZER_NUMBER_OBJECT_CONVERSION = YES_AGGRESSIVE;
				CLANG_CXX_LANGUAGE_STANDARD = "gnu++14";
				CLANG_CXX_LIBRARY = "libc++";
				CLANG_ENABLE_MODULES = YES;
				CLANG_ENABLE_OBJC_ARC = YES;
				CLANG_WARN_BLOCK_CAPTURE_AUTORELEASING = YES;
				CLANG_WARN_BOOL_CONVERSION = YES;
				CLANG_WARN_COMMA = YES;
				CLANG_WARN_CONSTANT_CONVERSION = YES;
				CLANG_WARN_DIRECT_OBJC_ISA_USAGE = YES_ERROR;
				CLANG_WARN_DOCUMENTATION_COMMENTS = YES;
				CLANG_WARN_EMPTY_BODY = YES;
				CLANG_WARN_ENUM_CONVERSION = YES;
				CLANG_WARN_INFINITE_RECURSION = YES;
				CLANG_WARN_INT_CONVERSION = YES;
				CLANG_WARN_NON_LITERAL_NULL_CONVERSION = YES;
				CLANG_WARN_OBJC_LITERAL_CONVERSION = YES;
				CLANG_WARN_OBJC_ROOT_CLASS = YES_ERROR;
				CLANG_WARN_RANGE_LOOP_ANALYSIS = YES;
				CLANG_WARN_STRICT_PROTOTYPES = YES;
				CLANG_WARN_SUSPICIOUS_MOVE = YES;
				CLANG_WARN_UNGUARDED_AVAILABILITY = YES_AGGRESSIVE;
				CLANG_WARN_UNREACHABLE_CODE = YES;
				CLANG_WARN__DUPLICATE_METHOD_MATCH = YES;
				CODE_SIGN_IDENTITY = "iPhone Developer";
				COPY_PHASE_STRIP = NO;
				DEBUG_INFORMATION_FORMAT = dwarf;
				ENABLE_STRICT_OBJC_MSGSEND = YES;
				ENABLE_TESTABILITY = YES;
				GCC_C_LANGUAGE_STANDARD = gnu11;
				GCC_DYNAMIC_NO_PIC = NO;
				GCC_NO_COMMON_BLOCKS = YES;
				GCC_OPTIMIZATION_LEVEL = 0;
				GCC_PREPROCESSOR_DEFINITIONS = (
					"DEBUG=1",
					"$(inherited)",
				);
				GCC_WARN_64_TO_32_BIT_CONVERSION = YES;
				GCC_WARN_ABOUT_RETURN_TYPE = YES_ERROR;
				GCC_WARN_UNDECLARED_SELECTOR = YES;
				GCC_WARN_UNINITIALIZED_AUTOS = YES_AGGRESSIVE;
				GCC_WARN_UNUSED_FUNCTION = YES;
				GCC_WARN_UNUSED_VARIABLE = YES;
				IPHONEOS_DEPLOYMENT_TARGET = 11.2;
				MTL_ENABLE_DEBUG_INFO = YES;
				ONLY_ACTIVE_ARCH = YES;
				SDKROOT = iphoneos;
				SWIFT_ACTIVE_COMPILATION_CONDITIONS = DEBUG;
				SWIFT_OPTIMIZATION_LEVEL = "-Onone";
			};
			name = Debug;
		};
		1345FDF0203679AD00A8B427 /* Release */ = {
			isa = XCBuildConfiguration;
			buildSettings = {
				ALWAYS_SEARCH_USER_PATHS = NO;
				CLANG_ANALYZER_NONNULL = YES;
				CLANG_ANALYZER_NUMBER_OBJECT_CONVERSION = YES_AGGRESSIVE;
				CLANG_CXX_LANGUAGE_STANDARD = "gnu++14";
				CLANG_CXX_LIBRARY = "libc++";
				CLANG_ENABLE_MODULES = YES;
				CLANG_ENABLE_OBJC_ARC = YES;
				CLANG_WARN_BLOCK_CAPTURE_AUTORELEASING = YES;
				CLANG_WARN_BOOL_CONVERSION = YES;
				CLANG_WARN_COMMA = YES;
				CLANG_WARN_CONSTANT_CONVERSION = YES;
				CLANG_WARN_DIRECT_OBJC_ISA_USAGE = YES_ERROR;
				CLANG_WARN_DOCUMENTATION_COMMENTS = YES;
				CLANG_WARN_EMPTY_BODY = YES;
				CLANG_WARN_ENUM_CONVERSION = YES;
				CLANG_WARN_INFINITE_RECURSION = YES;
				CLANG_WARN_INT_CONVERSION = YES;
				CLANG_WARN_NON_LITERAL_NULL_CONVERSION = YES;
				CLANG_WARN_OBJC_LITERAL_CONVERSION = YES;
				CLANG_WARN_OBJC_ROOT_CLASS = YES_ERROR;
				CLANG_WARN_RANGE_LOOP_ANALYSIS = YES;
				CLANG_WARN_STRICT_PROTOTYPES = YES;
				CLANG_WARN_SUSPICIOUS_MOVE = YES;
				CLANG_WARN_UNGUARDED_AVAILABILITY = YES_AGGRESSIVE;
				CLANG_WARN_UNREACHABLE_CODE = YES;
				CLANG_WARN__DUPLICATE_METHOD_MATCH = YES;
				CODE_SIGN_IDENTITY = "iPhone Developer";
				COPY_PHASE_STRIP = NO;
				DEBUG_INFORMATION_FORMAT = "dwarf-with-dsym";
				ENABLE_NS_ASSERTIONS = NO;
				ENABLE_STRICT_OBJC_MSGSEND = YES;
				GCC_C_LANGUAGE_STANDARD = gnu11;
				GCC_NO_COMMON_BLOCKS = YES;
				GCC_WARN_64_TO_32_BIT_CONVERSION = YES;
				GCC_WARN_ABOUT_RETURN_TYPE = YES_ERROR;
				GCC_WARN_UNDECLARED_SELECTOR = YES;
				GCC_WARN_UNINITIALIZED_AUTOS = YES_AGGRESSIVE;
				GCC_WARN_UNUSED_FUNCTION = YES;
				GCC_WARN_UNUSED_VARIABLE = YES;
				IPHONEOS_DEPLOYMENT_TARGET = 11.2;
				MTL_ENABLE_DEBUG_INFO = NO;
				SDKROOT = iphoneos;
				SWIFT_OPTIMIZATION_LEVEL = "-Owholemodule";
				VALIDATE_PRODUCT = YES;
			};
			name = Release;
		};
		1345FDF2203679AD00A8B427 /* Debug */ = {
			isa = XCBuildConfiguration;
			buildSettings = {
				ASSETCATALOG_COMPILER_APPICON_NAME = AppIcon;
				CODE_SIGN_STYLE = Automatic;
				DEVELOPMENT_TEAM = Y946RKD234;
				INFOPLIST_FILE = "Beehive Solitare/Info.plist";
				LD_RUNPATH_SEARCH_PATHS = "$(inherited) @executable_path/Frameworks";
				PRODUCT_BUNDLE_IDENTIFIER = "edu.stedwards.www.Beehive-Solitare";
				PRODUCT_NAME = "$(TARGET_NAME)";
				SWIFT_VERSION = 4.0;
				TARGETED_DEVICE_FAMILY = "1,2";
			};
			name = Debug;
		};
		1345FDF3203679AD00A8B427 /* Release */ = {
			isa = XCBuildConfiguration;
			buildSettings = {
				ASSETCATALOG_COMPILER_APPICON_NAME = AppIcon;
				CODE_SIGN_STYLE = Automatic;
				DEVELOPMENT_TEAM = Y946RKD234;
				INFOPLIST_FILE = "Beehive Solitare/Info.plist";
				LD_RUNPATH_SEARCH_PATHS = "$(inherited) @executable_path/Frameworks";
				PRODUCT_BUNDLE_IDENTIFIER = "edu.stedwards.www.Beehive-Solitare";
				PRODUCT_NAME = "$(TARGET_NAME)";
				SWIFT_VERSION = 4.0;
				TARGETED_DEVICE_FAMILY = "1,2";
			};
			name = Release;
		};
/* End XCBuildConfiguration section */

/* Begin XCConfigurationList section */
		1345FDDA203679AC00A8B427 /* Build configuration list for PBXProject "Beehive Solitare" */ = {
			isa = XCConfigurationList;
			buildConfigurations = (
				1345FDEF203679AD00A8B427 /* Debug */,
				1345FDF0203679AD00A8B427 /* Release */,
			);
			defaultConfigurationIsVisible = 0;
			defaultConfigurationName = Release;
		};
		1345FDF1203679AD00A8B427 /* Build configuration list for PBXNativeTarget "Beehive Solitare" */ = {
			isa = XCConfigurationList;
			buildConfigurations = (
				1345FDF2203679AD00A8B427 /* Debug */,
				1345FDF3203679AD00A8B427 /* Release */,
			);
			defaultConfigurationIsVisible = 0;
			defaultConfigurationName = Release;
		};
/* End XCConfigurationList section */
	};
	rootObject = 1345FDD7203679AC00A8B427 /* Project object */;
}
